// !$*UTF8*$!
{
	archiveVersion = 1;
	classes = {
	};
	objectVersion = 46;
	objects = {

/* Begin PBXBuildFile section */
		843DBA751F058CED00CB2CFD /* InstagramResponce.swift in Sources */ = {isa = PBXBuildFile; fileRef = 843DBA741F058CED00CB2CFD /* InstagramResponce.swift */; };
		843DBA771F07A94D00CB2CFD /* Media.swift in Sources */ = {isa = PBXBuildFile; fileRef = 843DBA761F07A94D00CB2CFD /* Media.swift */; };
		843DBA791F07B23A00CB2CFD /* User.swift in Sources */ = {isa = PBXBuildFile; fileRef = 843DBA781F07B23A00CB2CFD /* User.swift */; };
		8491F77E1F0C673B00C35AE4 /* BookmarksController.swift in Sources */ = {isa = PBXBuildFile; fileRef = 8491F77D1F0C673B00C35AE4 /* BookmarksController.swift */; };
		8491F7801F0C6A1200C35AE4 /* BookmarksPresenter.swift in Sources */ = {isa = PBXBuildFile; fileRef = 8491F77F1F0C6A1200C35AE4 /* BookmarksPresenter.swift */; };
		8491F7821F0D6B1E00C35AE4 /* MediaViewCell.xib in Resources */ = {isa = PBXBuildFile; fileRef = 8491F7811F0D6B1E00C35AE4 /* MediaViewCell.xib */; };
		8491F7841F0D828000C35AE4 /* BookmarksView.swift in Sources */ = {isa = PBXBuildFile; fileRef = 8491F7831F0D828000C35AE4 /* BookmarksView.swift */; };
		8491F7861F0D94D000C35AE4 /* DatabaseInteractor.swift in Sources */ = {isa = PBXBuildFile; fileRef = 8491F7851F0D94D000C35AE4 /* DatabaseInteractor.swift */; };
		84A836C81F0C159000AF697C /* Meta.swift in Sources */ = {isa = PBXBuildFile; fileRef = 84A836C71F0C159000AF697C /* Meta.swift */; };
		84A836CA1F0C15C800AF697C /* Pagination.swift in Sources */ = {isa = PBXBuildFile; fileRef = 84A836C91F0C15C800AF697C /* Pagination.swift */; };
		84CC46691F07CCA400E84695 /* RequestAdapter.swift in Sources */ = {isa = PBXBuildFile; fileRef = 84CC46681F07CCA400E84695 /* RequestAdapter.swift */; };
		84CC466D1F07D0AA00E84695 /* HomePagePresenter.swift in Sources */ = {isa = PBXBuildFile; fileRef = 84CC466C1F07D0AA00E84695 /* HomePagePresenter.swift */; };
		84CC466F1F07D45900E84695 /* HomePageView.swift in Sources */ = {isa = PBXBuildFile; fileRef = 84CC466E1F07D45900E84695 /* HomePageView.swift */; };
		84CC46711F07F5FD00E84695 /* InstagramAPIInteractor.swift in Sources */ = {isa = PBXBuildFile; fileRef = 84CC46701F07F5FD00E84695 /* InstagramAPIInteractor.swift */; };
		84D6EF301F0910F800E513C0 /* IndexPathExtension.swift in Sources */ = {isa = PBXBuildFile; fileRef = 84D6EF2F1F0910F800E513C0 /* IndexPathExtension.swift */; };
		84D6EF331F0922DC00E513C0 /* MediaViewCell.swift in Sources */ = {isa = PBXBuildFile; fileRef = 84D6EF321F0922DC00E513C0 /* MediaViewCell.swift */; };
		84DF89B91F02DB7900EE49E3 /* AppDelegate.swift in Sources */ = {isa = PBXBuildFile; fileRef = 84DF89B81F02DB7900EE49E3 /* AppDelegate.swift */; };
		84DF89BE1F02DB7900EE49E3 /* Main.storyboard in Resources */ = {isa = PBXBuildFile; fileRef = 84DF89BC1F02DB7900EE49E3 /* Main.storyboard */; };
		84DF89C01F02DB7900EE49E3 /* Assets.xcassets in Resources */ = {isa = PBXBuildFile; fileRef = 84DF89BF1F02DB7900EE49E3 /* Assets.xcassets */; };
		84DF89C31F02DB7900EE49E3 /* LaunchScreen.storyboard in Resources */ = {isa = PBXBuildFile; fileRef = 84DF89C11F02DB7900EE49E3 /* LaunchScreen.storyboard */; };
		84DF89CD1F02E15500EE49E3 /* HomePageController.swift in Sources */ = {isa = PBXBuildFile; fileRef = 84DF89CC1F02E15500EE49E3 /* HomePageController.swift */; };
		84DF89D31F04468B00EE49E3 /* UIViewExtension.swift in Sources */ = {isa = PBXBuildFile; fileRef = 84DF89D21F04468B00EE49E3 /* UIViewExtension.swift */; };
		84E147111F12E47000461D09 /* BookmarksHeader.swift in Sources */ = {isa = PBXBuildFile; fileRef = 84E147101F12E47000461D09 /* BookmarksHeader.swift */; };
		952AEBD03BA03C689F9FD749 /* Pods_InstaSearch.framework in Frameworks */ = {isa = PBXBuildFile; fileRef = 96E2DB08DE16C265C67573C4 /* Pods_InstaSearch.framework */; };
/* End PBXBuildFile section */

/* Begin PBXFileReference section */
		1CE27C02CD63151E007AEF2D /* Pods-InstaSearch.debug.xcconfig */ = {isa = PBXFileReference; includeInIndex = 1; lastKnownFileType = text.xcconfig; name = "Pods-InstaSearch.debug.xcconfig"; path = "Pods/Target Support Files/Pods-InstaSearch/Pods-InstaSearch.debug.xcconfig"; sourceTree = "<group>"; };
		56B157B8C1B1B524EF1B0319 /* Pods-InstaSearch.release.xcconfig */ = {isa = PBXFileReference; includeInIndex = 1; lastKnownFileType = text.xcconfig; name = "Pods-InstaSearch.release.xcconfig"; path = "Pods/Target Support Files/Pods-InstaSearch/Pods-InstaSearch.release.xcconfig"; sourceTree = "<group>"; };
		843DBA741F058CED00CB2CFD /* InstagramResponce.swift */ = {isa = PBXFileReference; fileEncoding = 4; lastKnownFileType = sourcecode.swift; path = InstagramResponce.swift; sourceTree = "<group>"; };
		843DBA761F07A94D00CB2CFD /* Media.swift */ = {isa = PBXFileReference; fileEncoding = 4; lastKnownFileType = sourcecode.swift; path = Media.swift; sourceTree = "<group>"; };
		843DBA781F07B23A00CB2CFD /* User.swift */ = {isa = PBXFileReference; fileEncoding = 4; lastKnownFileType = sourcecode.swift; path = User.swift; sourceTree = "<group>"; };
		8491F77D1F0C673B00C35AE4 /* BookmarksController.swift */ = {isa = PBXFileReference; fileEncoding = 4; lastKnownFileType = sourcecode.swift; path = BookmarksController.swift; sourceTree = "<group>"; };
		8491F77F1F0C6A1200C35AE4 /* BookmarksPresenter.swift */ = {isa = PBXFileReference; fileEncoding = 4; lastKnownFileType = sourcecode.swift; path = BookmarksPresenter.swift; sourceTree = "<group>"; };
		8491F7811F0D6B1E00C35AE4 /* MediaViewCell.xib */ = {isa = PBXFileReference; fileEncoding = 4; lastKnownFileType = file.xib; path = MediaViewCell.xib; sourceTree = "<group>"; };
		8491F7831F0D828000C35AE4 /* BookmarksView.swift */ = {isa = PBXFileReference; fileEncoding = 4; lastKnownFileType = sourcecode.swift; path = BookmarksView.swift; sourceTree = "<group>"; };
		8491F7851F0D94D000C35AE4 /* DatabaseInteractor.swift */ = {isa = PBXFileReference; fileEncoding = 4; lastKnownFileType = sourcecode.swift; path = DatabaseInteractor.swift; sourceTree = "<group>"; };
		84A836C71F0C159000AF697C /* Meta.swift */ = {isa = PBXFileReference; fileEncoding = 4; lastKnownFileType = sourcecode.swift; path = Meta.swift; sourceTree = "<group>"; };
		84A836C91F0C15C800AF697C /* Pagination.swift */ = {isa = PBXFileReference; fileEncoding = 4; lastKnownFileType = sourcecode.swift; path = Pagination.swift; sourceTree = "<group>"; };
		84CC46681F07CCA400E84695 /* RequestAdapter.swift */ = {isa = PBXFileReference; fileEncoding = 4; lastKnownFileType = sourcecode.swift; path = RequestAdapter.swift; sourceTree = "<group>"; };
		84CC466C1F07D0AA00E84695 /* HomePagePresenter.swift */ = {isa = PBXFileReference; fileEncoding = 4; lastKnownFileType = sourcecode.swift; path = HomePagePresenter.swift; sourceTree = "<group>"; };
		84CC466E1F07D45900E84695 /* HomePageView.swift */ = {isa = PBXFileReference; fileEncoding = 4; lastKnownFileType = sourcecode.swift; path = HomePageView.swift; sourceTree = "<group>"; };
		84CC46701F07F5FD00E84695 /* InstagramAPIInteractor.swift */ = {isa = PBXFileReference; fileEncoding = 4; lastKnownFileType = sourcecode.swift; path = InstagramAPIInteractor.swift; sourceTree = "<group>"; };
		84D6EF2F1F0910F800E513C0 /* IndexPathExtension.swift */ = {isa = PBXFileReference; fileEncoding = 4; lastKnownFileType = sourcecode.swift; path = IndexPathExtension.swift; sourceTree = "<group>"; };
		84D6EF321F0922DC00E513C0 /* MediaViewCell.swift */ = {isa = PBXFileReference; fileEncoding = 4; lastKnownFileType = sourcecode.swift; path = MediaViewCell.swift; sourceTree = "<group>"; };
		84DF89B51F02DB7800EE49E3 /* InstaSearch.app */ = {isa = PBXFileReference; explicitFileType = wrapper.application; includeInIndex = 0; path = InstaSearch.app; sourceTree = BUILT_PRODUCTS_DIR; };
		84DF89B81F02DB7900EE49E3 /* AppDelegate.swift */ = {isa = PBXFileReference; lastKnownFileType = sourcecode.swift; path = AppDelegate.swift; sourceTree = "<group>"; };
		84DF89BD1F02DB7900EE49E3 /* Base */ = {isa = PBXFileReference; lastKnownFileType = file.storyboard; name = Base; path = Base.lproj/Main.storyboard; sourceTree = "<group>"; };
		84DF89BF1F02DB7900EE49E3 /* Assets.xcassets */ = {isa = PBXFileReference; lastKnownFileType = folder.assetcatalog; path = Assets.xcassets; sourceTree = "<group>"; };
		84DF89C21F02DB7900EE49E3 /* Base */ = {isa = PBXFileReference; lastKnownFileType = file.storyboard; name = Base; path = Base.lproj/LaunchScreen.storyboard; sourceTree = "<group>"; };
		84DF89C41F02DB7900EE49E3 /* Info.plist */ = {isa = PBXFileReference; lastKnownFileType = text.plist.xml; path = Info.plist; sourceTree = "<group>"; };
		84DF89CC1F02E15500EE49E3 /* HomePageController.swift */ = {isa = PBXFileReference; fileEncoding = 4; lastKnownFileType = sourcecode.swift; path = HomePageController.swift; sourceTree = "<group>"; };
		84DF89D21F04468B00EE49E3 /* UIViewExtension.swift */ = {isa = PBXFileReference; fileEncoding = 4; lastKnownFileType = sourcecode.swift; path = UIViewExtension.swift; sourceTree = "<group>"; };
		84E147101F12E47000461D09 /* BookmarksHeader.swift */ = {isa = PBXFileReference; fileEncoding = 4; lastKnownFileType = sourcecode.swift; path = BookmarksHeader.swift; sourceTree = "<group>"; };
		96E2DB08DE16C265C67573C4 /* Pods_InstaSearch.framework */ = {isa = PBXFileReference; explicitFileType = wrapper.framework; includeInIndex = 0; path = Pods_InstaSearch.framework; sourceTree = BUILT_PRODUCTS_DIR; };
/* End PBXFileReference section */

/* Begin PBXFrameworksBuildPhase section */
		84DF89B21F02DB7800EE49E3 /* Frameworks */ = {
			isa = PBXFrameworksBuildPhase;
			buildActionMask = 2147483647;
			files = (
				952AEBD03BA03C689F9FD749 /* Pods_InstaSearch.framework in Frameworks */,
			);
			runOnlyForDeploymentPostprocessing = 0;
		};
/* End PBXFrameworksBuildPhase section */

/* Begin PBXGroup section */
		84CC466A1F07CEBF00E84695 /* Entities */ = {
			isa = PBXGroup;
			children = (
				843DBA741F058CED00CB2CFD /* InstagramResponce.swift */,
				84A836C91F0C15C800AF697C /* Pagination.swift */,
				84A836C71F0C159000AF697C /* Meta.swift */,
				843DBA761F07A94D00CB2CFD /* Media.swift */,
				843DBA781F07B23A00CB2CFD /* User.swift */,
			);
			name = Entities;
			sourceTree = "<group>";
		};
		84CC466B1F07CEED00E84695 /* Helpers */ = {
			isa = PBXGroup;
			children = (
				84DF89D21F04468B00EE49E3 /* UIViewExtension.swift */,
				84CC46681F07CCA400E84695 /* RequestAdapter.swift */,
				84D6EF2F1F0910F800E513C0 /* IndexPathExtension.swift */,
			);
			name = Helpers;
			sourceTree = "<group>";
		};
		84DF89AC1F02DB7800EE49E3 = {
			isa = PBXGroup;
			children = (
				84DF89B71F02DB7800EE49E3 /* InstaSearch */,
				84DF89B61F02DB7800EE49E3 /* Products */,
				8BC343030B4A55227548F44B /* Pods */,
				8B4C980609AD7ED3363D580D /* Frameworks */,
			);
			sourceTree = "<group>";
		};
		84DF89B61F02DB7800EE49E3 /* Products */ = {
			isa = PBXGroup;
			children = (
				84DF89B51F02DB7800EE49E3 /* InstaSearch.app */,
			);
			name = Products;
			sourceTree = "<group>";
		};
		84DF89B71F02DB7800EE49E3 /* InstaSearch */ = {
			isa = PBXGroup;
			children = (
				84E147121F14549100461D09 /* Application */,
				84E147131F1454BC00461D09 /* Storyboards */,
				84E147201F14585400461D09 /* Components */,
				84CC466B1F07CEED00E84695 /* Helpers */,
				84E147141F14550600461D09 /* Resources */,
				84E147151F1455DA00461D09 /* SupportFiles */,
			);
			path = InstaSearch;
			sourceTree = "<group>";
		};
		84E147121F14549100461D09 /* Application */ = {
			isa = PBXGroup;
			children = (
				84DF89B81F02DB7900EE49E3 /* AppDelegate.swift */,
			);
			name = Application;
			sourceTree = "<group>";
		};
		84E147131F1454BC00461D09 /* Storyboards */ = {
			isa = PBXGroup;
			children = (
				84DF89C11F02DB7900EE49E3 /* LaunchScreen.storyboard */,
				84DF89BC1F02DB7900EE49E3 /* Main.storyboard */,
			);
			name = Storyboards;
			sourceTree = "<group>";
		};
		84E147141F14550600461D09 /* Resources */ = {
			isa = PBXGroup;
			children = (
				84DF89BF1F02DB7900EE49E3 /* Assets.xcassets */,
			);
			name = Resources;
			sourceTree = "<group>";
		};
		84E147151F1455DA00461D09 /* SupportFiles */ = {
			isa = PBXGroup;
			children = (
				84DF89C41F02DB7900EE49E3 /* Info.plist */,
			);
			name = SupportFiles;
			sourceTree = "<group>";
		};
		84E147161F1455F600461D09 /* View */ = {
			isa = PBXGroup;
			children = (
				84E147191F1456CA00461D09 /* Bookmarks */,
				84E147181F1456A500461D09 /* Home */,
				84E147171F14567A00461D09 /* CustomViews  */,
			);
			name = View;
			sourceTree = "<group>";
		};
		84E147171F14567A00461D09 /* CustomViews  */ = {
			isa = PBXGroup;
			children = (
				84D6EF321F0922DC00E513C0 /* MediaViewCell.swift */,
				8491F7811F0D6B1E00C35AE4 /* MediaViewCell.xib */,
				84E147101F12E47000461D09 /* BookmarksHeader.swift */,
			);
			name = "CustomViews ";
			sourceTree = "<group>";
		};
		84E147181F1456A500461D09 /* Home */ = {
			isa = PBXGroup;
			children = (
				84DF89CC1F02E15500EE49E3 /* HomePageController.swift */,
				84CC466E1F07D45900E84695 /* HomePageView.swift */,
			);
			name = Home;
			sourceTree = "<group>";
		};
		84E147191F1456CA00461D09 /* Bookmarks */ = {
			isa = PBXGroup;
			children = (
				8491F77D1F0C673B00C35AE4 /* BookmarksController.swift */,
				8491F7831F0D828000C35AE4 /* BookmarksView.swift */,
			);
			name = Bookmarks;
			sourceTree = "<group>";
		};
		84E1471A1F14572D00461D09 /* Presenter */ = {
			isa = PBXGroup;
			children = (
				84E1471C1F14575900461D09 /* Bookmarks */,
				84E1471B1F14574A00461D09 /* Home */,
			);
			name = Presenter;
			sourceTree = "<group>";
		};
		84E1471B1F14574A00461D09 /* Home */ = {
			isa = PBXGroup;
			children = (
				84CC466C1F07D0AA00E84695 /* HomePagePresenter.swift */,
			);
			name = Home;
			sourceTree = "<group>";
		};
		84E1471C1F14575900461D09 /* Bookmarks */ = {
			isa = PBXGroup;
			children = (
				8491F77F1F0C6A1200C35AE4 /* BookmarksPresenter.swift */,
			);
			name = Bookmarks;
			sourceTree = "<group>";
		};
		84E1471D1F1457B000461D09 /* Model */ = {
			isa = PBXGroup;
			children = (
				84E1471F1F14580300461D09 /* Database */,
				84E1471E1F1457F000461D09 /* Network */,
				84CC466A1F07CEBF00E84695 /* Entities */,
			);
			name = Model;
			sourceTree = "<group>";
		};
		84E1471E1F1457F000461D09 /* Network */ = {
			isa = PBXGroup;
			children = (
				84CC46701F07F5FD00E84695 /* InstagramAPIInteractor.swift */,
			);
			name = Network;
			sourceTree = "<group>";
		};
		84E1471F1F14580300461D09 /* Database */ = {
			isa = PBXGroup;
			children = (
				8491F7851F0D94D000C35AE4 /* DatabaseInteractor.swift */,
			);
			name = Database;
			sourceTree = "<group>";
		};
		84E147201F14585400461D09 /* Components */ = {
			isa = PBXGroup;
			children = (
				84E1471D1F1457B000461D09 /* Model */,
				84E147161F1455F600461D09 /* View */,
				84E1471A1F14572D00461D09 /* Presenter */,
			);
			name = Components;
			sourceTree = "<group>";
		};
		8B4C980609AD7ED3363D580D /* Frameworks */ = {
			isa = PBXGroup;
			children = (
				96E2DB08DE16C265C67573C4 /* Pods_InstaSearch.framework */,
			);
			name = Frameworks;
			sourceTree = "<group>";
		};
		8BC343030B4A55227548F44B /* Pods */ = {
			isa = PBXGroup;
			children = (
				1CE27C02CD63151E007AEF2D /* Pods-InstaSearch.debug.xcconfig */,
				56B157B8C1B1B524EF1B0319 /* Pods-InstaSearch.release.xcconfig */,
			);
			name = Pods;
			sourceTree = "<group>";
		};
/* End PBXGroup section */

/* Begin PBXNativeTarget section */
		84DF89B41F02DB7800EE49E3 /* InstaSearch */ = {
			isa = PBXNativeTarget;
			buildConfigurationList = 84DF89C71F02DB7900EE49E3 /* Build configuration list for PBXNativeTarget "InstaSearch" */;
			buildPhases = (
				223FCC9314A094B08132A828 /* [CP] Check Pods Manifest.lock */,
				84DF89B11F02DB7800EE49E3 /* Sources */,
				84DF89B21F02DB7800EE49E3 /* Frameworks */,
				84DF89B31F02DB7800EE49E3 /* Resources */,
				A70AA195DBD7AB802CE3C03E /* [CP] Embed Pods Frameworks */,
				E791121B1D75551F58686445 /* [CP] Copy Pods Resources */,
			);
			buildRules = (
			);
			dependencies = (
			);
			name = InstaSearch;
			productName = InstaSearch;
			productReference = 84DF89B51F02DB7800EE49E3 /* InstaSearch.app */;
			productType = "com.apple.product-type.application";
		};
/* End PBXNativeTarget section */

/* Begin PBXProject section */
		84DF89AD1F02DB7800EE49E3 /* Project object */ = {
			isa = PBXProject;
			attributes = {
				LastSwiftUpdateCheck = 0830;
				LastUpgradeCheck = 0830;
				ORGANIZATIONNAME = admin;
				TargetAttributes = {
					84DF89B41F02DB7800EE49E3 = {
						CreatedOnToolsVersion = 8.3.3;
						DevelopmentTeam = Q5BTGEHWS4;
						ProvisioningStyle = Automatic;
					};
				};
			};
			buildConfigurationList = 84DF89B01F02DB7800EE49E3 /* Build configuration list for PBXProject "InstaSearch" */;
			compatibilityVersion = "Xcode 3.2";
			developmentRegion = English;
			hasScannedForEncodings = 0;
			knownRegions = (
				en,
				Base,
			);
			mainGroup = 84DF89AC1F02DB7800EE49E3;
			productRefGroup = 84DF89B61F02DB7800EE49E3 /* Products */;
			projectDirPath = "";
			projectRoot = "";
			targets = (
				84DF89B41F02DB7800EE49E3 /* InstaSearch */,
			);
		};
/* End PBXProject section */

/* Begin PBXResourcesBuildPhase section */
		84DF89B31F02DB7800EE49E3 /* Resources */ = {
			isa = PBXResourcesBuildPhase;
			buildActionMask = 2147483647;
			files = (
				8491F7821F0D6B1E00C35AE4 /* MediaViewCell.xib in Resources */,
				84DF89C31F02DB7900EE49E3 /* LaunchScreen.storyboard in Resources */,
				84DF89C01F02DB7900EE49E3 /* Assets.xcassets in Resources */,
				84DF89BE1F02DB7900EE49E3 /* Main.storyboard in Resources */,
			);
			runOnlyForDeploymentPostprocessing = 0;
		};
/* End PBXResourcesBuildPhase section */

/* Begin PBXShellScriptBuildPhase section */
		223FCC9314A094B08132A828 /* [CP] Check Pods Manifest.lock */ = {
			isa = PBXShellScriptBuildPhase;
			buildActionMask = 2147483647;
			files = (
			);
			inputPaths = (
			);
			name = "[CP] Check Pods Manifest.lock";
			outputPaths = (
			);
			runOnlyForDeploymentPostprocessing = 0;
			shellPath = /bin/sh;
			shellScript = "diff \"${PODS_PODFILE_DIR_PATH}/Podfile.lock\" \"${PODS_ROOT}/Manifest.lock\" > /dev/null\nif [ $? != 0 ] ; then\n    # print error to STDERR\n    echo \"error: The sandbox is not in sync with the Podfile.lock. Run 'pod install' or update your CocoaPods installation.\" >&2\n    exit 1\nfi\n";
			showEnvVarsInLog = 0;
		};
		A70AA195DBD7AB802CE3C03E /* [CP] Embed Pods Frameworks */ = {
			isa = PBXShellScriptBuildPhase;
			buildActionMask = 2147483647;
			files = (
			);
			inputPaths = (
			);
			name = "[CP] Embed Pods Frameworks";
			outputPaths = (
			);
			runOnlyForDeploymentPostprocessing = 0;
			shellPath = /bin/sh;
			shellScript = "\"${SRCROOT}/Pods/Target Support Files/Pods-InstaSearch/Pods-InstaSearch-frameworks.sh\"\n";
			showEnvVarsInLog = 0;
		};
		E791121B1D75551F58686445 /* [CP] Copy Pods Resources */ = {
			isa = PBXShellScriptBuildPhase;
			buildActionMask = 2147483647;
			files = (
			);
			inputPaths = (
			);
			name = "[CP] Copy Pods Resources";
			outputPaths = (
			);
			runOnlyForDeploymentPostprocessing = 0;
			shellPath = /bin/sh;
			shellScript = "\"${SRCROOT}/Pods/Target Support Files/Pods-InstaSearch/Pods-InstaSearch-resources.sh\"\n";
			showEnvVarsInLog = 0;
		};
/* End PBXShellScriptBuildPhase section */

/* Begin PBXSourcesBuildPhase section */
		84DF89B11F02DB7800EE49E3 /* Sources */ = {
			isa = PBXSourcesBuildPhase;
			buildActionMask = 2147483647;
			files = (
				84D6EF301F0910F800E513C0 /* IndexPathExtension.swift in Sources */,
				84A836CA1F0C15C800AF697C /* Pagination.swift in Sources */,
				84CC466D1F07D0AA00E84695 /* HomePagePresenter.swift in Sources */,
				84CC46711F07F5FD00E84695 /* InstagramAPIInteractor.swift in Sources */,
				84DF89D31F04468B00EE49E3 /* UIViewExtension.swift in Sources */,
				84DF89B91F02DB7900EE49E3 /* AppDelegate.swift in Sources */,
				8491F7861F0D94D000C35AE4 /* DatabaseInteractor.swift in Sources */,
				8491F77E1F0C673B00C35AE4 /* BookmarksController.swift in Sources */,
				84CC46691F07CCA400E84695 /* RequestAdapter.swift in Sources */,
				843DBA791F07B23A00CB2CFD /* User.swift in Sources */,
				8491F7841F0D828000C35AE4 /* BookmarksView.swift in Sources */,
				84D6EF331F0922DC00E513C0 /* MediaViewCell.swift in Sources */,
				84A836C81F0C159000AF697C /* Meta.swift in Sources */,
				84E147111F12E47000461D09 /* BookmarksHeader.swift in Sources */,
				84DF89CD1F02E15500EE49E3 /* HomePageController.swift in Sources */,
				843DBA751F058CED00CB2CFD /* InstagramResponce.swift in Sources */,
				84CC466F1F07D45900E84695 /* HomePageView.swift in Sources */,
				8491F7801F0C6A1200C35AE4 /* BookmarksPresenter.swift in Sources */,
				843DBA771F07A94D00CB2CFD /* Media.swift in Sources */,
			);
			runOnlyForDeploymentPostprocessing = 0;
		};
/* End PBXSourcesBuildPhase section */

/* Begin PBXVariantGroup section */
		84DF89BC1F02DB7900EE49E3 /* Main.storyboard */ = {
			isa = PBXVariantGroup;
			children = (
				84DF89BD1F02DB7900EE49E3 /* Base */,
			);
			name = Main.storyboard;
			sourceTree = "<group>";
		};
		84DF89C11F02DB7900EE49E3 /* LaunchScreen.storyboard */ = {
			isa = PBXVariantGroup;
			children = (
				84DF89C21F02DB7900EE49E3 /* Base */,
			);
			name = LaunchScreen.storyboard;
			sourceTree = "<group>";
		};
/* End PBXVariantGroup section */

/* Begin XCBuildConfiguration section */
		84DF89C51F02DB7900EE49E3 /* Debug */ = {
			isa = XCBuildConfiguration;
			buildSettings = {
				ALWAYS_SEARCH_USER_PATHS = NO;
				CLANG_ANALYZER_NONNULL = YES;
				CLANG_ANALYZER_NUMBER_OBJECT_CONVERSION = YES_AGGRESSIVE;
				CLANG_CXX_LANGUAGE_STANDARD = "gnu++0x";
				CLANG_CXX_LIBRARY = "libc++";
				CLANG_ENABLE_MODULES = YES;
				CLANG_ENABLE_OBJC_ARC = YES;
				CLANG_WARN_BOOL_CONVERSION = YES;
				CLANG_WARN_CONSTANT_CONVERSION = YES;
				CLANG_WARN_DIRECT_OBJC_ISA_USAGE = YES_ERROR;
				CLANG_WARN_DOCUMENTATION_COMMENTS = YES;
				CLANG_WARN_EMPTY_BODY = YES;
				CLANG_WARN_ENUM_CONVERSION = YES;
				CLANG_WARN_INFINITE_RECURSION = YES;
				CLANG_WARN_INT_CONVERSION = YES;
				CLANG_WARN_OBJC_ROOT_CLASS = YES_ERROR;
				CLANG_WARN_SUSPICIOUS_MOVE = YES;
				CLANG_WARN_UNREACHABLE_CODE = YES;
				CLANG_WARN__DUPLICATE_METHOD_MATCH = YES;
				"CODE_SIGN_IDENTITY[sdk=iphoneos*]" = "iPhone Developer";
				COPY_PHASE_STRIP = NO;
				DEBUG_INFORMATION_FORMAT = dwarf;
				ENABLE_STRICT_OBJC_MSGSEND = YES;
				ENABLE_TESTABILITY = YES;
				GCC_C_LANGUAGE_STANDARD = gnu99;
				GCC_DYNAMIC_NO_PIC = NO;
				GCC_NO_COMMON_BLOCKS = YES;
				GCC_OPTIMIZATION_LEVEL = 0;
				GCC_PREPROCESSOR_DEFINITIONS = (
					"DEBUG=1",
					"$(inherited)",
				);
				GCC_WARN_64_TO_32_BIT_CONVERSION = YES;
				GCC_WARN_ABOUT_RETURN_TYPE = YES_ERROR;
				GCC_WARN_UNDECLARED_SELECTOR = YES;
				GCC_WARN_UNINITIALIZED_AUTOS = YES_AGGRESSIVE;
				GCC_WARN_UNUSED_FUNCTION = YES;
				GCC_WARN_UNUSED_VARIABLE = YES;
				IPHONEOS_DEPLOYMENT_TARGET = 10.3;
				MTL_ENABLE_DEBUG_INFO = YES;
				ONLY_ACTIVE_ARCH = YES;
				SDKROOT = iphoneos;
				SWIFT_ACTIVE_COMPILATION_CONDITIONS = DEBUG;
				SWIFT_OPTIMIZATION_LEVEL = "-Onone";
			};
			name = Debug;
		};
		84DF89C61F02DB7900EE49E3 /* Release */ = {
			isa = XCBuildConfiguration;
			buildSettings = {
				ALWAYS_SEARCH_USER_PATHS = NO;
				CLANG_ANALYZER_NONNULL = YES;
				CLANG_ANALYZER_NUMBER_OBJECT_CONVERSION = YES_AGGRESSIVE;
				CLANG_CXX_LANGUAGE_STANDARD = "gnu++0x";
				CLANG_CXX_LIBRARY = "libc++";
				CLANG_ENABLE_MODULES = YES;
				CLANG_ENABLE_OBJC_ARC = YES;
				CLANG_WARN_BOOL_CONVERSION = YES;
				CLANG_WARN_CONSTANT_CONVERSION = YES;
				CLANG_WARN_DIRECT_OBJC_ISA_USAGE = YES_ERROR;
				CLANG_WARN_DOCUMENTATION_COMMENTS = YES;
				CLANG_WARN_EMPTY_BODY = YES;
				CLANG_WARN_ENUM_CONVERSION = YES;
				CLANG_WARN_INFINITE_RECURSION = YES;
				CLANG_WARN_INT_CONVERSION = YES;
				CLANG_WARN_OBJC_ROOT_CLASS = YES_ERROR;
				CLANG_WARN_SUSPICIOUS_MOVE = YES;
				CLANG_WARN_UNREACHABLE_CODE = YES;
				CLANG_WARN__DUPLICATE_METHOD_MATCH = YES;
				"CODE_SIGN_IDENTITY[sdk=iphoneos*]" = "iPhone Developer";
				COPY_PHASE_STRIP = NO;
				DEBUG_INFORMATION_FORMAT = "dwarf-with-dsym";
				ENABLE_NS_ASSERTIONS = NO;
				ENABLE_STRICT_OBJC_MSGSEND = YES;
				GCC_C_LANGUAGE_STANDARD = gnu99;
				GCC_NO_COMMON_BLOCKS = YES;
				GCC_WARN_64_TO_32_BIT_CONVERSION = YES;
				GCC_WARN_ABOUT_RETURN_TYPE = YES_ERROR;
				GCC_WARN_UNDECLARED_SELECTOR = YES;
				GCC_WARN_UNINITIALIZED_AUTOS = YES_AGGRESSIVE;
				GCC_WARN_UNUSED_FUNCTION = YES;
				GCC_WARN_UNUSED_VARIABLE = YES;
				IPHONEOS_DEPLOYMENT_TARGET = 10.3;
				MTL_ENABLE_DEBUG_INFO = NO;
				SDKROOT = iphoneos;
				SWIFT_OPTIMIZATION_LEVEL = "-Owholemodule";
				VALIDATE_PRODUCT = YES;
			};
			name = Release;
		};
		84DF89C81F02DB7900EE49E3 /* Debug */ = {
			isa = XCBuildConfiguration;
			baseConfigurationReference = 1CE27C02CD63151E007AEF2D /* Pods-InstaSearch.debug.xcconfig */;
			buildSettings = {
				ASSETCATALOG_COMPILER_APPICON_NAME = AppIcon;
				DEVELOPMENT_TEAM = Q5BTGEHWS4;
				INFOPLIST_FILE = InstaSearch/Info.plist;
				LD_RUNPATH_SEARCH_PATHS = "$(inherited) @executable_path/Frameworks";
				PRODUCT_BUNDLE_IDENTIFIER = com.github.AlekseyPakAA.InstaSearch;
				PRODUCT_NAME = "$(TARGET_NAME)";
				SWIFT_VERSION = 3.0;
			};
			name = Debug;
		};
		84DF89C91F02DB7900EE49E3 /* Release */ = {
			isa = XCBuildConfiguration;
			baseConfigurationReference = 56B157B8C1B1B524EF1B0319 /* Pods-InstaSearch.release.xcconfig */;
			buildSettings = {
				ASSETCATALOG_COMPILER_APPICON_NAME = AppIcon;
				DEVELOPMENT_TEAM = Q5BTGEHWS4;
				INFOPLIST_FILE = InstaSearch/Info.plist;
				LD_RUNPATH_SEARCH_PATHS = "$(inherited) @executable_path/Frameworks";
				PRODUCT_BUNDLE_IDENTIFIER = com.github.AlekseyPakAA.InstaSearch;
				PRODUCT_NAME = "$(TARGET_NAME)";
				SWIFT_VERSION = 3.0;
			};
			name = Release;
		};
/* End XCBuildConfiguration section */

/* Begin XCConfigurationList section */
		84DF89B01F02DB7800EE49E3 /* Build configuration list for PBXProject "InstaSearch" */ = {
			isa = XCConfigurationList;
			buildConfigurations = (
				84DF89C51F02DB7900EE49E3 /* Debug */,
				84DF89C61F02DB7900EE49E3 /* Release */,
			);
			defaultConfigurationIsVisible = 0;
			defaultConfigurationName = Release;
		};
		84DF89C71F02DB7900EE49E3 /* Build configuration list for PBXNativeTarget "InstaSearch" */ = {
			isa = XCConfigurationList;
			buildConfigurations = (
				84DF89C81F02DB7900EE49E3 /* Debug */,
				84DF89C91F02DB7900EE49E3 /* Release */,
			);
			defaultConfigurationIsVisible = 0;
			defaultConfigurationName = Release;
		};
/* End XCConfigurationList section */
	};
	rootObject = 84DF89AD1F02DB7800EE49E3 /* Project object */;
}
